
Microsoft Visual Studio Solution File, Format Version 12.00
# Visual Studio Version 16
VisualStudioVersion = 16.0.28407.52
MinimumVisualStudioVersion = 10.0.40219.1
Project("{FAE04EC0-301F-11D3-BF4B-00C04F79EFBC}") = "ConsoleApp14", "ConsoleApp14\ConsoleApp14.csproj", "{C8559B94-26DF-4503-91F9-AC4539C699FA}"
EndProject
Global
	GlobalSection(SolutionConfigurationPlatforms) = preSolution
		Debug|Any CPU = Debug|Any CPU
		Release|Any CPU = Release|Any CPU
	EndGlobalSection
	GlobalSection(ProjectConfigurationPlatforms) = postSolution
		{C8559B94-26DF-4503-91F9-AC4539C699FA}.Debug|Any CPU.ActiveCfg = Debug|Any CPU
		{C8559B94-26DF-4503-91F9-AC4539C699FA}.Debug|Any CPU.Build.0 = Debug|Any CPU
		{C8559B94-26DF-4503-91F9-AC4539C699FA}.Release|Any CPU.ActiveCfg = Release|Any CPU
		{C8559B94-26DF-4503-91F9-AC4539C699FA}.Release|Any CPU.Build.0 = Release|Any CPU
	EndGlobalSection
	GlobalSection(SolutionProperties) = preSolution
		HideSolutionNode = FALSE
	EndGlobalSection
	GlobalSection(ExtensibilityGlobals) = postSolution
		SolutionGuid = {3B90A546-F757-4699-A2CA-3133D439B6B0}
	EndGlobalSection
EndGlobal
